
Microsoft Visual Studio Solution File, Format Version 11.00
# Visual Studio 2010
Project("{FAE04EC0-301F-11D3-BF4B-00C04F79EFBC}") = "Jqpress.Web", "Jqpress.Web\Jqpress.Web.csproj", "{3E0BB87C-6E43-431A-94D4-3883EC5BCBD5}"
EndProject
Project("{FAE04EC0-301F-11D3-BF4B-00C04F79EFBC}") = "Jqpress.Framework", "Jqpress.Framework\Jqpress.Framework.csproj", "{24EF6952-D3FD-4C8B-B8FF-5D5E783F68A0}"
EndProject
Project("{FAE04EC0-301F-11D3-BF4B-00C04F79EFBC}") = "Jqpress.Core", "Jqpress.Core\Jqpress.Core.csproj", "{28A3A37D-886F-45DA-B8A7-6272FFCFFC6A}"
EndProject
Project("{FAE04EC0-301F-11D3-BF4B-00C04F79EFBC}") = "TestJqpress", "TestJqpress\TestJqpress.csproj", "{D87C8139-DCF2-47F6-B367-BA076644EC94}"
EndProject
Project("{2150E333-8FDC-42A3-9474-1A3956D46DE8}") = "Solution Items", "Solution Items", "{FFD85879-E86F-4B1B-B9AE-69B0E6ECE71D}"
	ProjectSection(SolutionItems) = preProject
		Jqpress.vsmdi = Jqpress.vsmdi
		Local.testsettings = Local.testsettings
		TraceAndTestImpact.testsettings = TraceAndTestImpact.testsettings
	EndProjectSection
EndProject
Global
	GlobalSection(TestCaseManagementSettings) = postSolution
		CategoryFile = Jqpress.vsmdi
	EndGlobalSection
	GlobalSection(SolutionConfigurationPlatforms) = preSolution
		Debug|Any CPU = Debug|Any CPU
		Release|Any CPU = Release|Any CPU
	EndGlobalSection
	GlobalSection(ProjectConfigurationPlatforms) = postSolution
		{3E0BB87C-6E43-431A-94D4-3883EC5BCBD5}.Debug|Any CPU.ActiveCfg = Debug|Any CPU
		{3E0BB87C-6E43-431A-94D4-3883EC5BCBD5}.Debug|Any CPU.Build.0 = Debug|Any CPU
		{3E0BB87C-6E43-431A-94D4-3883EC5BCBD5}.Release|Any CPU.ActiveCfg = Release|Any CPU
		{3E0BB87C-6E43-431A-94D4-3883EC5BCBD5}.Release|Any CPU.Build.0 = Release|Any CPU
		{24EF6952-D3FD-4C8B-B8FF-5D5E783F68A0}.Debug|Any CPU.ActiveCfg = Debug|Any CPU
		{24EF6952-D3FD-4C8B-B8FF-5D5E783F68A0}.Debug|Any CPU.Build.0 = Debug|Any CPU
		{24EF6952-D3FD-4C8B-B8FF-5D5E783F68A0}.Release|Any CPU.ActiveCfg = Release|Any CPU
		{24EF6952-D3FD-4C8B-B8FF-5D5E783F68A0}.Release|Any CPU.Build.0 = Release|Any CPU
		{28A3A37D-886F-45DA-B8A7-6272FFCFFC6A}.Debug|Any CPU.ActiveCfg = Debug|Any CPU
		{28A3A37D-886F-45DA-B8A7-6272FFCFFC6A}.Debug|Any CPU.Build.0 = Debug|Any CPU
		{28A3A37D-886F-45DA-B8A7-6272FFCFFC6A}.Release|Any CPU.ActiveCfg = Release|Any CPU
		{28A3A37D-886F-45DA-B8A7-6272FFCFFC6A}.Release|Any CPU.Build.0 = Release|Any CPU
		{D87C8139-DCF2-47F6-B367-BA076644EC94}.Debug|Any CPU.ActiveCfg = Debug|Any CPU
		{D87C8139-DCF2-47F6-B367-BA076644EC94}.Debug|Any CPU.Build.0 = Debug|Any CPU
		{D87C8139-DCF2-47F6-B367-BA076644EC94}.Release|Any CPU.ActiveCfg = Release|Any CPU
		{D87C8139-DCF2-47F6-B367-BA076644EC94}.Release|Any CPU.Build.0 = Release|Any CPU
	EndGlobalSection
	GlobalSection(SolutionProperties) = preSolution
		HideSolutionNode = FALSE
	EndGlobalSection
EndGlobal
